[33m19df4e3[m[33m ([m[1;36mHEAD[m[33m -> [m[1;32mmain[m[33m, [m[1;31morigin/main[m[33m)[m Added the exam Registration Feature
[33m7a89433[m Merge branch 'main' of https://github.com/Msunil2003/SMART-AI-POWERED-LMS A
[33mdfd9aaa[m Fixed the course fetching errors in the Instructor dashboard
[33m701cfb9[m Delete package.json
[33m54db18f[m Delete package-lock.json
[33m70868de[m Delete node_modules directory
[33mec11575[m Initial commit: SMART-AI POWERED LMS project with client and server
[33m350c3cd[m Initial commit for SMART-LMS
[33m4025f2b[m Initial commit
